github.com/tongque0/gotack v1.0.4 h1:1G9fnUYV15qP3jl2nLzql88BSG8WW1xNeLobz2NFv8Q=
github.com/tongque0/gotack v1.0.4/go.mod h1:v4A/OUygXaGtdcMDqy7Dlt3YPyGRVtVeZ7s25wjlTNE=
github.com/tongque0/gotack v1.1.0 h1:TL+vrx9YBLZsCt8zzqmmKh4ZIjGbe9fO9dN2RGKRkJk=
github.com/tongque0/gotack v1.1.0/go.mod h1:v4A/OUygXaGtdcMDqy7Dlt3YPyGRVtVeZ7s25wjlTNE=
github.com/tongque0/gotack v1.1.1 h1:nV5+1ntQTJT0TSbKEpA1whi0In/JSTR7wO/HrFxcTO4=
github.com/tongque0/gotack v1.1.1/go.mod h1:v4A/OUygXaGtdcMDqy7Dlt3YPyGRVtVeZ7s25wjlTNE=
github.com/tongque0/gotack v1.1.2 h1:ndyE2lT9ZcR0Wjv/ZLK6kR2vqi6IuSpBvvAIb5C2Ew0=
github.com/tongque0/gotack v1.1.2/go.mod h1:v4A/OUygXaGtdcMDqy7Dlt3YPyGRVtVeZ7s25wjlTNE=
github.com/tongque0/gotack v1.1.3 h1:sUd9M81gvP90UFi1d4c7aCeyaQZycTM8guJjpa3ghYE=
github.com/tongque0/gotack v1.1.3/go.mod h1:v4A/OUygXaGtdcMDqy7Dlt3YPyGRVtVeZ7s25wjlTNE=
github.com/tongque0/gotack v1.1.4 h1:w8oTVVCaEYJvjGOd1Ri6WKw8nh5FAD3GowMtv0LF/P4=
github.com/tongque0/gotack v1.1.4/go.mod h1:v4A/OUygXaGtdcMDqy7Dlt3YPyGRVtVeZ7s25wjlTNE=
github.com/tongque0/gotack v1.2.0 h1:DBmJHiSUr4rZ4i+0OjKSFXmayh6ypGGLz99JyySkO4s=
github.com/tongque0/gotack v1.2.0/go.mod h1:v4A/OUygXaGtdcMDqy7Dlt3YPyGRVtVeZ7s25wjlTNE=
github.com/tongque0/gotack v1.4.3 h1:vsPUHdSQYF9Efw9ea5anzm3+LJicFS3evD45zqMzO5k=
github.com/tongque0/gotack v1.4.3/go.mod h1:v4A/OUygXaGtdcMDqy7Dlt3YPyGRVtVeZ7s25wjlTNE=
