github.com/tongque0/gotack v1.0.2 h1:RduAnwoJ8b5OnUfTuLeU/3PFU6SUgRXODjRhk9IbcpQ=
github.com/tongque0/gotack v1.0.2/go.mod h1:v4A/OUygXaGtdcMDqy7Dlt3YPyGRVtVeZ7s25wjlTNE=
github.com/tongque0/gotack v1.0.3 h1:/75YHOCkhXaMzl7jn0O5O4YfptOGd3o4TgMUswGgwhI=
github.com/tongque0/gotack v1.0.3/go.mod h1:v4A/OUygXaGtdcMDqy7Dlt3YPyGRVtVeZ7s25wjlTNE=
github.com/tongque0/gotack v1.0.4 h1:1G9fnUYV15qP3jl2nLzql88BSG8WW1xNeLobz2NFv8Q=
github.com/tongque0/gotack v1.0.4/go.mod h1:v4A/OUygXaGtdcMDqy7Dlt3YPyGRVtVeZ7s25wjlTNE=
github.com/tongque0/gotack v1.2.0 h1:DBmJHiSUr4rZ4i+0OjKSFXmayh6ypGGLz99JyySkO4s=
github.com/tongque0/gotack v1.2.0/go.mod h1:v4A/OUygXaGtdcMDqy7Dlt3YPyGRVtVeZ7s25wjlTNE=
github.com/tongque0/gotack v1.3.0 h1:vzH2lHN/Fd1MHagg1gQGVfzDZrXu1nfWGR8Vnm/fY/0=
github.com/tongque0/gotack v1.3.0/go.mod h1:v4A/OUygXaGtdcMDqy7Dlt3YPyGRVtVeZ7s25wjlTNE=
github.com/tongque0/gotack v1.3.1 h1:JeiqX2cyo+PkWKIOHognBPAf32GIjKWDmZPZyhxoZbo=
github.com/tongque0/gotack v1.3.1/go.mod h1:v4A/OUygXaGtdcMDqy7Dlt3YPyGRVtVeZ7s25wjlTNE=
github.com/tongque0/gotack v1.3.2 h1:FbnzZ4qn4MFQu0IS+roPdWO2RbkXBggb764WFPmVE/A=
github.com/tongque0/gotack v1.3.2/go.mod h1:v4A/OUygXaGtdcMDqy7Dlt3YPyGRVtVeZ7s25wjlTNE=
github.com/tongque0/gotack v1.3.3 h1:bJ7lYRSYs9BmX0BlQn3qWJG02cP7DLT7ndDog8yb+eI=
github.com/tongque0/gotack v1.3.3/go.mod h1:v4A/OUygXaGtdcMDqy7Dlt3YPyGRVtVeZ7s25wjlTNE=
github.com/tongque0/gotack v1.3.4 h1:9OIYszAc9z3i+zPmW/JxjdYjV6zkJTFXg2jGI5K67Ps=
github.com/tongque0/gotack v1.3.4/go.mod h1:v4A/OUygXaGtdcMDqy7Dlt3YPyGRVtVeZ7s25wjlTNE=
github.com/tongque0/gotack v1.3.5 h1:Iv4IZvOsgRdTXnhCZCKUqf7cPzC7qi00TU1sWBsbZtM=
github.com/tongque0/gotack v1.3.5/go.mod h1:v4A/OUygXaGtdcMDqy7Dlt3YPyGRVtVeZ7s25wjlTNE=
github.com/tongque0/gotack v1.3.6 h1:j+6+fRGMqH4H2zc1+9Q10L7vqLa754fe7J1aEXIARSA=
github.com/tongque0/gotack v1.3.6/go.mod h1:v4A/OUygXaGtdcMDqy7Dlt3YPyGRVtVeZ7s25wjlTNE=
github.com/tongque0/gotack v1.3.7 h1:Sxc/PZHVLqvq+QlpbN3Y2kHJEQ8+F1bVpndID13jhMg=
github.com/tongque0/gotack v1.3.7/go.mod h1:v4A/OUygXaGtdcMDqy7Dlt3YPyGRVtVeZ7s25wjlTNE=
github.com/tongque0/gotack v1.3.8 h1:N+P20sxjkBrjm8A9ZFpUY697tgTmEwnbOAUyHd5GGWI=
github.com/tongque0/gotack v1.3.8/go.mod h1:v4A/OUygXaGtdcMDqy7Dlt3YPyGRVtVeZ7s25wjlTNE=
github.com/tongque0/gotack v1.4.0 h1:E0Y0kNE7VcUOAXzWeK3JoaMcmFlA7w1nYUe6IJJ0t6w=
github.com/tongque0/gotack v1.4.0/go.mod h1:v4A/OUygXaGtdcMDqy7Dlt3YPyGRVtVeZ7s25wjlTNE=
github.com/tongque0/gotack v1.4.1 h1:qNI0MTzKCmf8TVE0S8MNb9w5SBJqqgV41oTRk1AjdR8=
github.com/tongque0/gotack v1.4.1/go.mod h1:v4A/OUygXaGtdcMDqy7Dlt3YPyGRVtVeZ7s25wjlTNE=
github.com/tongque0/gotack v1.4.2 h1:m4u0qAupyNG8q2sGRpwfaxkzleeaWw2lntHDcmJUlPQ=
github.com/tongque0/gotack v1.4.2/go.mod h1:v4A/OUygXaGtdcMDqy7Dlt3YPyGRVtVeZ7s25wjlTNE=
github.com/tongque0/gotack v1.4.3 h1:vsPUHdSQYF9Efw9ea5anzm3+LJicFS3evD45zqMzO5k=
github.com/tongque0/gotack v1.4.3/go.mod h1:v4A/OUygXaGtdcMDqy7Dlt3YPyGRVtVeZ7s25wjlTNE=
